
Microsoft Visual Studio Solution File, Format Version 12.00
# Visual Studio Version 17
VisualStudioVersion = 17.5.002.0
MinimumVisualStudioVersion = 10.0.40219.1
Project("{9A19103F-16F7-4668-BE54-9A1E7A4F7556}") = "Compiler", "Compiler.csproj", "{CCDA3B71-FF30-49E6-A71A-D1B2DF4BD01A}"
EndProject
Global
	GlobalSection(SolutionConfigurationPlatforms) = preSolution
		Debug|Any CPU = Debug|Any CPU
		Release|Any CPU = Release|Any CPU
	EndGlobalSection
	GlobalSection(ProjectConfigurationPlatforms) = postSolution
		{CCDA3B71-FF30-49E6-A71A-D1B2DF4BD01A}.Debug|Any CPU.ActiveCfg = Debug|Any CPU
		{CCDA3B71-FF30-49E6-A71A-D1B2DF4BD01A}.Debug|Any CPU.Build.0 = Debug|Any CPU
		{CCDA3B71-FF30-49E6-A71A-D1B2DF4BD01A}.Release|Any CPU.ActiveCfg = Release|Any CPU
		{CCDA3B71-FF30-49E6-A71A-D1B2DF4BD01A}.Release|Any CPU.Build.0 = Release|Any CPU
	EndGlobalSection
	GlobalSection(SolutionProperties) = preSolution
		HideSolutionNode = FALSE
	EndGlobalSection
	GlobalSection(ExtensibilityGlobals) = postSolution
		SolutionGuid = {2B8B1E09-D828-46B9-8FEB-605B8381013A}
	EndGlobalSection
EndGlobal
